
Microsoft Visual Studio Solution File, Format Version 12.00
# Visual Studio Version 17
VisualStudioVersion = 17.2.32526.322
MinimumVisualStudioVersion = 10.0.40219.1
Project("{9A19103F-16F7-4668-BE54-9A1E7A4F7556}") = "FirstMVCApp", "FirstMVCApp\FirstMVCApp.csproj", "{F09782B4-C3FF-4C5A-AB22-CD0A53FAD252}"
EndProject
Project("{9A19103F-16F7-4668-BE54-9A1E7A4F7556}") = "RazorPizzeria", "RazorPizzeria\RazorPizzeria.csproj", "{7F1258C0-237B-408A-9853-490D230B4B18}"
EndProject
Project("{FAE04EC0-301F-11D3-BF4B-00C04F79EFBC}") = "MVCLibrary", "MVCLibrary\MVCLibrary.csproj", "{7FF3B72F-32C6-4553-8308-BFBDDA28EFBE}"
EndProject
Global
	GlobalSection(SolutionConfigurationPlatforms) = preSolution
		Debug|Any CPU = Debug|Any CPU
		Release|Any CPU = Release|Any CPU
	EndGlobalSection
	GlobalSection(ProjectConfigurationPlatforms) = postSolution
		{F09782B4-C3FF-4C5A-AB22-CD0A53FAD252}.Debug|Any CPU.ActiveCfg = Debug|Any CPU
		{F09782B4-C3FF-4C5A-AB22-CD0A53FAD252}.Debug|Any CPU.Build.0 = Debug|Any CPU
		{F09782B4-C3FF-4C5A-AB22-CD0A53FAD252}.Release|Any CPU.ActiveCfg = Release|Any CPU
		{F09782B4-C3FF-4C5A-AB22-CD0A53FAD252}.Release|Any CPU.Build.0 = Release|Any CPU
		{7F1258C0-237B-408A-9853-490D230B4B18}.Debug|Any CPU.ActiveCfg = Debug|Any CPU
		{7F1258C0-237B-408A-9853-490D230B4B18}.Debug|Any CPU.Build.0 = Debug|Any CPU
		{7F1258C0-237B-408A-9853-490D230B4B18}.Release|Any CPU.ActiveCfg = Release|Any CPU
		{7F1258C0-237B-408A-9853-490D230B4B18}.Release|Any CPU.Build.0 = Release|Any CPU
		{7FF3B72F-32C6-4553-8308-BFBDDA28EFBE}.Debug|Any CPU.ActiveCfg = Debug|Any CPU
		{7FF3B72F-32C6-4553-8308-BFBDDA28EFBE}.Debug|Any CPU.Build.0 = Debug|Any CPU
		{7FF3B72F-32C6-4553-8308-BFBDDA28EFBE}.Release|Any CPU.ActiveCfg = Release|Any CPU
		{7FF3B72F-32C6-4553-8308-BFBDDA28EFBE}.Release|Any CPU.Build.0 = Release|Any CPU
	EndGlobalSection
	GlobalSection(SolutionProperties) = preSolution
		HideSolutionNode = FALSE
	EndGlobalSection
	GlobalSection(ExtensibilityGlobals) = postSolution
		SolutionGuid = {EB6CE94E-3CEC-44CF-A2C1-26AADDFB6AE4}
	EndGlobalSection
EndGlobal
